<?xml version="1.0" encoding="utf-8"?>
<Project ToolsVersion="4.0" xmlns="http://schemas.microsoft.com/developer/msbuild/2003">
  <ItemGroup>
    <FxCompile Include="PixelShader_Minimalistic.hlsl" />
    <FxCompile Include="VertexShader_Minimalistic.hlsl" />
  </ItemGroup>
  <ItemGroup>
    <ClCompile Include="Bloom.cpp" />
    <ClCompile Include="DXCore.cpp" />
    <ClCompile Include="Engine.cpp" />
    <ClCompile Include="EntryPoint.cpp" />
    <ClCompile Include="EventSystem\EventBuss.cpp" />
    <ClCompile Include="EventSystem\IEvent.cpp" />
    <ClCompile Include="ForwardRenderer.cpp" />
    <ClCompile Include="GameObject.cpp" />
    <ClCompile Include="ImGui\ImGuiManager.cpp" />
    <ClCompile Include="Model.cpp" />
    <ClCompile Include="ModelFactory.cpp" />
    <ClCompile Include="Player.cpp" />
    <ClCompile Include="RenderWindow.cpp" />
    <ClCompile Include="Camera.cpp" />
    <ClCompile Include="PlayerCamera.cpp" />
    <ClCompile Include="Light.cpp" />
    <ClCompile Include="PointLight.cpp" />
    <ClCompile Include="ourMath.cpp" />
    <ClCompile Include="CosmicBody.cpp" />
    <ClCompile Include="Time.cpp" />
    <ClCompile Include="Scene.cpp" />
    <ClCompile Include="Resources\IBindable.cpp" />
    <ClCompile Include="Resources\InputLayout.cpp" />
    <ClCompile Include="Resources\PixelShader.cpp" />
    <ClCompile Include="Resources\PrimitiveTopology.cpp" />
    <ClCompile Include="Resources\ResourceManager.cpp" />
    <ClCompile Include="Resources\VertexShader.cpp" />
    <ClCompile Include="ImGui\imgui_impl_dx11.cpp" />
    <ClCompile Include="ImGui\imgui_impl_win32.cpp" />
  </ItemGroup>
  <ItemGroup>
    <ClInclude Include="Bloom.h" />
    <ClInclude Include="DXCore.h" />
    <ClInclude Include="DXDebug.h" />
    <ClInclude Include="Engine.h" />
    <ClInclude Include="EventSystem\EventBuss.h" />
    <ClInclude Include="EventSystem\EventCategory.h" />
    <ClInclude Include="EventSystem\EventPublisher.h" />
    <ClInclude Include="EventSystem\EventType.h" />
    <ClInclude Include="EventSystem\IEvent.h" />
    <ClInclude Include="EventSystem\IEventListener.h" />
    <ClInclude Include="EventSystem\RenderEvents.h" />
    <ClInclude Include="EventSystem\KeyboardEvent.h" />
    <ClInclude Include="EventSystem\KeyState.h" />
    <ClInclude Include="EventSystem\MouseButtenEvent.h" />
    <ClInclude Include="EventSystem\MouseMoveEvent.h" />
    <ClInclude Include="EventSystem\WindowEvents.h" />
    <ClInclude Include="ForwardRenderer.h" />
    <ClInclude Include="GameObject.h" />
    <ClInclude Include="ImGui\ImGuiManager.h" />
    <ClInclude Include="Model.h" />
    <ClInclude Include="ModelFactory.h" />
    <ClInclude Include="Player.h" />
    <ClInclude Include="RenderWindow.h" />
    <ClInclude Include="Camera.h" />
    <ClInclude Include="PlayerCamera.h" />
    <ClInclude Include="Light.h" />
    <ClInclude Include="PointLight.h" />
    <ClInclude Include="Resources\BindIDs.h" />
    <ClInclude Include="Time.h" />
    <ClInclude Include="ourMath.h" />
    <ClInclude Include="CosmicBody.h" />
    <ClInclude Include="Scene.h" />
    <ClInclude Include="Resources\IBindable.h" />
    <ClInclude Include="Resources\InputLayout.h" />
    <ClInclude Include="Resources\IShader.h" />
    <ClInclude Include="Resources\PixelShader.h" />
    <ClInclude Include="Resources\PrimitiveTopology.h" />
    <ClInclude Include="Resources\ResourceManager.h" />
    <ClInclude Include="Resources\VertexShader.h" />
    <ClInclude Include="ImGui\imgui_impl_dx11.h" />
    <ClInclude Include="ImGui\imgui_impl_win32.h" />
  </ItemGroup>
</Project>