<?xml version="1.0" encoding="utf-8"?>
<Project ToolsVersion="4.0" xmlns="http://schemas.microsoft.com/developer/msbuild/2003">
  <ItemGroup>
    <FxCompile Include="PixelShader_Minimalistic.hlsl">
      <Filter>Shaders</Filter>
    </FxCompile>
    <FxCompile Include="VertexShader_Minimalistic.hlsl">
      <Filter>Shaders</Filter>
    </FxCompile>
  </ItemGroup>
  <ItemGroup>
    <ClCompile Include="Bloom.cpp" />
    <ClCompile Include="DXCore.cpp" />
    <ClCompile Include="Engine.cpp" />
    <ClCompile Include="ForwardRenderer.cpp" />
    <ClCompile Include="GameObject.cpp" />
    <ClCompile Include="Player.cpp" />
    <ClCompile Include="RenderWindow.cpp" />
    <ClCompile Include="Camera.cpp" />
    <ClCompile Include="PlayerCamera.cpp" />
    <ClCompile Include="Light.cpp" />
    <ClCompile Include="PointLight.cpp" />
    <ClCompile Include="ourMath.cpp" />
    <ClCompile Include="CosmicBody.cpp" />
    <ClCompile Include="Time.cpp" />
    <ClCompile Include="Scene.cpp" />
    <ClCompile Include="EventSystem\EventBuss.cpp">
      <Filter>EventSystem</Filter>
    </ClCompile>
    <ClCompile Include="EventSystem\IEvent.cpp">
      <Filter>EventSystem</Filter>
    </ClCompile>
    <ClCompile Include="Resources\IBindable.cpp">
      <Filter>Resources</Filter>
    </ClCompile>
    <ClCompile Include="Resources\InputLayout.cpp">
      <Filter>Resources</Filter>
    </ClCompile>
    <ClCompile Include="Resources\PixelShader.cpp">
      <Filter>Resources</Filter>
    </ClCompile>
    <ClCompile Include="Resources\VertexShader.cpp">
      <Filter>Resources</Filter>
    </ClCompile>
    <ClCompile Include="Resources\ResourceManager.cpp">
      <Filter>Resources</Filter>
    </ClCompile>
    <ClCompile Include="Resources\PrimitiveTopology.cpp">
      <Filter>Resources</Filter>
    </ClCompile>
    <ClCompile Include="EntryPoint.cpp" />
  </ItemGroup>
  <ItemGroup>
    <ClInclude Include="Bloom.h" />
    <ClInclude Include="DXCore.h" />
    <ClInclude Include="DXDebug.h" />
    <ClInclude Include="Engine.h" />
    <ClInclude Include="ForwardRenderer.h" />
    <ClInclude Include="GameObject.h" />
    <ClInclude Include="Player.h" />
    <ClInclude Include="RenderWindow.h" />
    <ClInclude Include="Camera.h" />
    <ClInclude Include="PlayerCamera.h" />
    <ClInclude Include="Light.h" />
    <ClInclude Include="PointLight.h" />
    <ClInclude Include="Time.h" />
    <ClInclude Include="ourMath.h" />
    <ClInclude Include="CosmicBody.h" />
    <ClInclude Include="Scene.h" />
    <ClInclude Include="EventSystem\EventBuss.h">
      <Filter>EventSystem</Filter>
    </ClInclude>
    <ClInclude Include="EventSystem\EventCategory.h">
      <Filter>EventSystem</Filter>
    </ClInclude>
    <ClInclude Include="EventSystem\EventPublisher.h">
      <Filter>EventSystem</Filter>
    </ClInclude>
    <ClInclude Include="EventSystem\EventType.h">
      <Filter>EventSystem</Filter>
    </ClInclude>
    <ClInclude Include="EventSystem\IEvent.h">
      <Filter>EventSystem</Filter>
    </ClInclude>
    <ClInclude Include="EventSystem\IEventListener.h">
      <Filter>EventSystem</Filter>
    </ClInclude>
    <ClInclude Include="EventSystem\WindowEvents.h">
      <Filter>EventSystem</Filter>
    </ClInclude>
    <ClInclude Include="Resources\IBindable.h">
      <Filter>Resources</Filter>
    </ClInclude>
    <ClInclude Include="Resources\InputLayout.h">
      <Filter>Resources</Filter>
    </ClInclude>
    <ClInclude Include="Resources\IShader.h">
      <Filter>Resources</Filter>
    </ClInclude>
    <ClInclude Include="Resources\PixelShader.h">
      <Filter>Resources</Filter>
    </ClInclude>
    <ClInclude Include="Resources\VertexShader.h">
      <Filter>Resources</Filter>
    </ClInclude>
    <ClInclude Include="Resources\ResourceManager.h">
      <Filter>Resources</Filter>
    </ClInclude>
    <ClInclude Include="Resources\PrimitiveTopology.h">
      <Filter>Resources</Filter>
    </ClInclude>
    <ClInclude Include="EventSystem\KeyboardEvent.h">
      <Filter>EventSystem</Filter>
    </ClInclude>
    <ClInclude Include="EventSystem\MouseMoveEvent.h">
      <Filter>EventSystem</Filter>
    </ClInclude>
    <ClInclude Include="EventSystem\KeyState.h">
      <Filter>EventSystem</Filter>
    </ClInclude>
    <ClInclude Include="EventSystem\MouseButtenEvent.h">
      <Filter>EventSystem</Filter>
    </ClInclude>
  </ItemGroup>
  <ItemGroup>
    <Filter Include="EventSystem">
      <UniqueIdentifier>{8615869f-c603-4aed-b99a-8f6305ce1302}</UniqueIdentifier>
    </Filter>
    <Filter Include="Resources">
      <UniqueIdentifier>{330f1a85-0e00-4c32-9a0e-8ff968577695}</UniqueIdentifier>
    </Filter>
    <Filter Include="Shaders">
      <UniqueIdentifier>{0fadb6bb-287c-404e-9362-8676280a28f9}</UniqueIdentifier>
    </Filter>
  </ItemGroup>
</Project>